
Microsoft Visual Studio Solution File, Format Version 12.00
# Visual Studio 15
VisualStudioVersion = 15.0.27130.2026
MinimumVisualStudioVersion = 10.0.40219.1
Project("{FAE04EC0-301F-11D3-BF4B-00C04F79EFBC}") = "APE.PostgreSQL.Teamwork.GUI", "APE.PostgreSQL.Teamwork.GUI\APE.PostgreSQL.Teamwork.GUI.csproj", "{E9A43C83-45D8-4B05-AFA4-0E3FAF0EC57F}"
EndProject
Project("{2150E333-8FDC-42A3-9474-1A3956D46DE8}") = ".nuget", ".nuget", "{5000425E-F1D3-4BDA-BF89-93CCD1F07928}"
	ProjectSection(SolutionItems) = preProject
		NuGet.Config = NuGet.Config
	EndProjectSection
EndProject
Project("{FAE04EC0-301F-11D3-BF4B-00C04F79EFBC}") = "APE.PostgreSQL.Teamwork.ViewModel", "APE.PostgreSQL.Teamwork.ViewModel\APE.PostgreSQL.Teamwork.ViewModel.csproj", "{BBEE7981-C1A8-4477-B88C-F9E4D565BFE5}"
EndProject
Project("{FAE04EC0-301F-11D3-BF4B-00C04F79EFBC}") = "APE.PostgreSQL.Teamwork.Model", "APE.PostgreSQL.Teamwork.Model\APE.PostgreSQL.Teamwork.Model.csproj", "{C3DF1F15-E4C9-4052-9535-AF39FF0E2191}"
EndProject
Project("{FAE04EC0-301F-11D3-BF4B-00C04F79EFBC}") = "APE.PostgreSQL.Teamwork.CommandPrompt", "APE.PostgreSQL.Teamwork.CommandPrompt\APE.PostgreSQL.Teamwork.CommandPrompt.csproj", "{CE35B78F-B9E6-462D-BD8A-314D71D6B5D0}"
EndProject
Project("{FAE04EC0-301F-11D3-BF4B-00C04F79EFBC}") = "APE.PostgreSQL.Teamwork.ViewModel.Test", "APE.PostgreSQL.Teamwork.ViewModel.Test\APE.PostgreSQL.Teamwork.ViewModel.Test.csproj", "{6402AD8B-4F11-418E-827B-F413F823D339}"
EndProject
Project("{FAE04EC0-301F-11D3-BF4B-00C04F79EFBC}") = "APE.PostgreSQL.Teamwork.TestHelper", "APE.PostgreSQL.Teamwork.TestHelper\APE.PostgreSQL.Teamwork.TestHelper.csproj", "{F5DA55B2-31D4-40C5-A6BE-B7E35D9F00F4}"
EndProject
Project("{2150E333-8FDC-42A3-9474-1A3956D46DE8}") = ".config", ".config", "{FB5C8473-7B01-4012-ABDD-2007E7A5C8DF}"
	ProjectSection(SolutionItems) = preProject
		..\.gitlab-ci.yml = ..\.gitlab-ci.yml
	EndProjectSection
EndProject
Global
	GlobalSection(SolutionConfigurationPlatforms) = preSolution
		Alle Erstellen - DEBUG|Any CPU = Alle Erstellen - DEBUG|Any CPU
		Debug|Any CPU = Debug|Any CPU
		Release|Any CPU = Release|Any CPU
	EndGlobalSection
	GlobalSection(ProjectConfigurationPlatforms) = postSolution
		{E9A43C83-45D8-4B05-AFA4-0E3FAF0EC57F}.Alle Erstellen - DEBUG|Any CPU.ActiveCfg = Release|Any CPU
		{E9A43C83-45D8-4B05-AFA4-0E3FAF0EC57F}.Alle Erstellen - DEBUG|Any CPU.Build.0 = Release|Any CPU
		{E9A43C83-45D8-4B05-AFA4-0E3FAF0EC57F}.Debug|Any CPU.ActiveCfg = Debug|Any CPU
		{E9A43C83-45D8-4B05-AFA4-0E3FAF0EC57F}.Debug|Any CPU.Build.0 = Debug|Any CPU
		{E9A43C83-45D8-4B05-AFA4-0E3FAF0EC57F}.Release|Any CPU.ActiveCfg = Release|Any CPU
		{E9A43C83-45D8-4B05-AFA4-0E3FAF0EC57F}.Release|Any CPU.Build.0 = Release|Any CPU
		{BBEE7981-C1A8-4477-B88C-F9E4D565BFE5}.Alle Erstellen - DEBUG|Any CPU.ActiveCfg = Release|Any CPU
		{BBEE7981-C1A8-4477-B88C-F9E4D565BFE5}.Alle Erstellen - DEBUG|Any CPU.Build.0 = Release|Any CPU
		{BBEE7981-C1A8-4477-B88C-F9E4D565BFE5}.Debug|Any CPU.ActiveCfg = Debug|Any CPU
		{BBEE7981-C1A8-4477-B88C-F9E4D565BFE5}.Debug|Any CPU.Build.0 = Debug|Any CPU
		{BBEE7981-C1A8-4477-B88C-F9E4D565BFE5}.Release|Any CPU.ActiveCfg = Release|Any CPU
		{BBEE7981-C1A8-4477-B88C-F9E4D565BFE5}.Release|Any CPU.Build.0 = Release|Any CPU
		{C3DF1F15-E4C9-4052-9535-AF39FF0E2191}.Alle Erstellen - DEBUG|Any CPU.ActiveCfg = Release|Any CPU
		{C3DF1F15-E4C9-4052-9535-AF39FF0E2191}.Alle Erstellen - DEBUG|Any CPU.Build.0 = Release|Any CPU
		{C3DF1F15-E4C9-4052-9535-AF39FF0E2191}.Debug|Any CPU.ActiveCfg = Debug|Any CPU
		{C3DF1F15-E4C9-4052-9535-AF39FF0E2191}.Debug|Any CPU.Build.0 = Debug|Any CPU
		{C3DF1F15-E4C9-4052-9535-AF39FF0E2191}.Release|Any CPU.ActiveCfg = Release|Any CPU
		{C3DF1F15-E4C9-4052-9535-AF39FF0E2191}.Release|Any CPU.Build.0 = Release|Any CPU
		{CE35B78F-B9E6-462D-BD8A-314D71D6B5D0}.Alle Erstellen - DEBUG|Any CPU.ActiveCfg = Release|Any CPU
		{CE35B78F-B9E6-462D-BD8A-314D71D6B5D0}.Alle Erstellen - DEBUG|Any CPU.Build.0 = Release|Any CPU
		{CE35B78F-B9E6-462D-BD8A-314D71D6B5D0}.Debug|Any CPU.ActiveCfg = Debug|Any CPU
		{CE35B78F-B9E6-462D-BD8A-314D71D6B5D0}.Debug|Any CPU.Build.0 = Debug|Any CPU
		{CE35B78F-B9E6-462D-BD8A-314D71D6B5D0}.Release|Any CPU.ActiveCfg = Release|Any CPU
		{CE35B78F-B9E6-462D-BD8A-314D71D6B5D0}.Release|Any CPU.Build.0 = Release|Any CPU
		{6402AD8B-4F11-418E-827B-F413F823D339}.Alle Erstellen - DEBUG|Any CPU.ActiveCfg = Release|Any CPU
		{6402AD8B-4F11-418E-827B-F413F823D339}.Alle Erstellen - DEBUG|Any CPU.Build.0 = Release|Any CPU
		{6402AD8B-4F11-418E-827B-F413F823D339}.Debug|Any CPU.ActiveCfg = Debug|Any CPU
		{6402AD8B-4F11-418E-827B-F413F823D339}.Debug|Any CPU.Build.0 = Debug|Any CPU
		{6402AD8B-4F11-418E-827B-F413F823D339}.Release|Any CPU.ActiveCfg = Release|Any CPU
		{6402AD8B-4F11-418E-827B-F413F823D339}.Release|Any CPU.Build.0 = Release|Any CPU
		{F5DA55B2-31D4-40C5-A6BE-B7E35D9F00F4}.Alle Erstellen - DEBUG|Any CPU.ActiveCfg = Release|Any CPU
		{F5DA55B2-31D4-40C5-A6BE-B7E35D9F00F4}.Alle Erstellen - DEBUG|Any CPU.Build.0 = Release|Any CPU
		{F5DA55B2-31D4-40C5-A6BE-B7E35D9F00F4}.Debug|Any CPU.ActiveCfg = Debug|Any CPU
		{F5DA55B2-31D4-40C5-A6BE-B7E35D9F00F4}.Debug|Any CPU.Build.0 = Debug|Any CPU
		{F5DA55B2-31D4-40C5-A6BE-B7E35D9F00F4}.Release|Any CPU.ActiveCfg = Release|Any CPU
		{F5DA55B2-31D4-40C5-A6BE-B7E35D9F00F4}.Release|Any CPU.Build.0 = Release|Any CPU
	EndGlobalSection
	GlobalSection(SolutionProperties) = preSolution
		HideSolutionNode = FALSE
	EndGlobalSection
	GlobalSection(ExtensibilityGlobals) = postSolution
		SolutionGuid = {C5C3EA64-66CD-4FB5-998B-23F886C111C7}
	EndGlobalSection
EndGlobal
